
Microsoft Visual Studio Solution File, Format Version 12.00
# Visual Studio Version 17
VisualStudioVersion = 17.4.33205.214
MinimumVisualStudioVersion = 10.0.40219.1
Project("{9A19103F-16F7-4668-BE54-9A1E7A4F7556}") = "TodoApp", "TodoApp\TodoApp.csproj", "{D9C4A693-8479-456B-991C-7D7D85B96F5F}"
EndProject
Project("{FAE04EC0-301F-11D3-BF4B-00C04F79EFBC}") = "BlazorTestProject", "BlazorTestProject\BlazorTestProject.csproj", "{731FAC8F-DFC8-4EC6-94D4-FD51953CF962}"
EndProject
Global
	GlobalSection(SolutionConfigurationPlatforms) = preSolution
		Debug|Any CPU = Debug|Any CPU
		Release|Any CPU = Release|Any CPU
	EndGlobalSection
	GlobalSection(ProjectConfigurationPlatforms) = postSolution
		{D9C4A693-8479-456B-991C-7D7D85B96F5F}.Debug|Any CPU.ActiveCfg = Debug|Any CPU
		{D9C4A693-8479-456B-991C-7D7D85B96F5F}.Debug|Any CPU.Build.0 = Debug|Any CPU
		{D9C4A693-8479-456B-991C-7D7D85B96F5F}.Release|Any CPU.ActiveCfg = Release|Any CPU
		{D9C4A693-8479-456B-991C-7D7D85B96F5F}.Release|Any CPU.Build.0 = Release|Any CPU
		{731FAC8F-DFC8-4EC6-94D4-FD51953CF962}.Debug|Any CPU.ActiveCfg = Debug|Any CPU
		{731FAC8F-DFC8-4EC6-94D4-FD51953CF962}.Debug|Any CPU.Build.0 = Debug|Any CPU
		{731FAC8F-DFC8-4EC6-94D4-FD51953CF962}.Release|Any CPU.ActiveCfg = Release|Any CPU
		{731FAC8F-DFC8-4EC6-94D4-FD51953CF962}.Release|Any CPU.Build.0 = Release|Any CPU
	EndGlobalSection
	GlobalSection(SolutionProperties) = preSolution
		HideSolutionNode = FALSE
	EndGlobalSection
	GlobalSection(ExtensibilityGlobals) = postSolution
		SolutionGuid = {17518E96-0C46-4AC7-85AC-4D645AF4846B}
	EndGlobalSection
EndGlobal
